
Microsoft Visual Studio Solution File, Format Version 12.00
# Visual Studio Version 17
VisualStudioVersion = 17.14.36414.22 d17.14
MinimumVisualStudioVersion = 10.0.40219.1
Project("{FAE04EC0-301F-11D3-BF4B-00C04F79EFBC}") = "Tugas2_Danu Tri_X PPLG 2", "Tugas2_Danu Tri_X PPLG 2\Tugas2_Danu Tri_X PPLG 2.csproj", "{20534B20-2919-4C09-A97A-D798DDAC6B5B}"
EndProject
Global
	GlobalSection(SolutionConfigurationPlatforms) = preSolution
		Debug|Any CPU = Debug|Any CPU
		Release|Any CPU = Release|Any CPU
	EndGlobalSection
	GlobalSection(ProjectConfigurationPlatforms) = postSolution
		{20534B20-2919-4C09-A97A-D798DDAC6B5B}.Debug|Any CPU.ActiveCfg = Debug|Any CPU
		{20534B20-2919-4C09-A97A-D798DDAC6B5B}.Debug|Any CPU.Build.0 = Debug|Any CPU
		{20534B20-2919-4C09-A97A-D798DDAC6B5B}.Release|Any CPU.ActiveCfg = Release|Any CPU
		{20534B20-2919-4C09-A97A-D798DDAC6B5B}.Release|Any CPU.Build.0 = Release|Any CPU
	EndGlobalSection
	GlobalSection(SolutionProperties) = preSolution
		HideSolutionNode = FALSE
	EndGlobalSection
	GlobalSection(ExtensibilityGlobals) = postSolution
		SolutionGuid = {AAEAA8FD-0104-4A7C-ADEB-38B9C8A9FCBC}
	EndGlobalSection
EndGlobal
